Microsoft Visual Studio Solution File, Format Version 12.00
# Visual Studio Version 17
VisualStudioVersion = 17.5.2.0
MinimumVisualStudioVersion = 10.0.40219.1
Project("{FAE04EC0-301F-11D3-BF4B-00C04F79EFBC}") = "jitcmd", "jitcmd\jitcmd.csproj", "{6F09E659-656E-7349-AE9B-C8E0622329D8}"
EndProject
Project("{FAE04EC0-301F-11D3-BF4B-00C04F79EFBC}") = "justintime", "justintime\justintime.csproj", "{971C347C-291E-ABF6-D7F5-EB981F3680D5}"
EndProject
Global
	GlobalSection(SolutionConfigurationPlatforms) = preSolution
		Debug|Any CPU = Debug|Any CPU
		Release|Any CPU = Release|Any CPU
	EndGlobalSection
	GlobalSection(ProjectConfigurationPlatforms) = postSolution
		{6F09E659-656E-7349-AE9B-C8E0622329D8}.Debug|Any CPU.ActiveCfg = Debug|Any CPU
		{6F09E659-656E-7349-AE9B-C8E0622329D8}.Debug|Any CPU.Build.0 = Debug|Any CPU
		{6F09E659-656E-7349-AE9B-C8E0622329D8}.Release|Any CPU.ActiveCfg = Release|Any CPU
		{6F09E659-656E-7349-AE9B-C8E0622329D8}.Release|Any CPU.Build.0 = Release|Any CPU
		{971C347C-291E-ABF6-D7F5-EB981F3680D5}.Debug|Any CPU.ActiveCfg = Debug|Any CPU
		{971C347C-291E-ABF6-D7F5-EB981F3680D5}.Debug|Any CPU.Build.0 = Debug|Any CPU
		{971C347C-291E-ABF6-D7F5-EB981F3680D5}.Release|Any CPU.ActiveCfg = Release|Any CPU
		{971C347C-291E-ABF6-D7F5-EB981F3680D5}.Release|Any CPU.Build.0 = Release|Any CPU
	EndGlobalSection
	GlobalSection(SolutionProperties) = preSolution
		HideSolutionNode = FALSE
	EndGlobalSection
	GlobalSection(ExtensibilityGlobals) = postSolution
		SolutionGuid = {43C10D48-5611-474D-A9D9-DC2BAE93F5D7}
	EndGlobalSection
EndGlobal
